
Microsoft Visual Studio Solution File, Format Version 12.00
# Visual Studio 15
VisualStudioVersion = 15.0.27428.2011
MinimumVisualStudioVersion = 10.0.40219.1
Project("{FAE04EC0-301F-11D3-BF4B-00C04F79EFBC}") = "KH Screen Viewer", "KH Screen Viewer\KH Screen Viewer.csproj", "{A2F120CB-A5D1-4E32-A72F-D18C619E8935}"
EndProject
Global
	GlobalSection(SolutionConfigurationPlatforms) = preSolution
		Debug|Any CPU = Debug|Any CPU
		Release|Any CPU = Release|Any CPU
	EndGlobalSection
	GlobalSection(ProjectConfigurationPlatforms) = postSolution
		{A2F120CB-A5D1-4E32-A72F-D18C619E8935}.Debug|Any CPU.ActiveCfg = Debug|Any CPU
		{A2F120CB-A5D1-4E32-A72F-D18C619E8935}.Debug|Any CPU.Build.0 = Debug|Any CPU
		{A2F120CB-A5D1-4E32-A72F-D18C619E8935}.Release|Any CPU.ActiveCfg = Release|Any CPU
		{A2F120CB-A5D1-4E32-A72F-D18C619E8935}.Release|Any CPU.Build.0 = Release|Any CPU
	EndGlobalSection
	GlobalSection(SolutionProperties) = preSolution
		HideSolutionNode = FALSE
	EndGlobalSection
	GlobalSection(ExtensibilityGlobals) = postSolution
		SolutionGuid = {1A1996C1-A486-4FB1-B36B-61F3216C5D7A}
	EndGlobalSection
EndGlobal
